lockfileVersion: 5.4

specifiers:
  typescript: ^4.8.3

dependencies:
  typescript: registry.npmmirror.com/typescript/4.8.3

packages:

  registry.npmmirror.com/typescript/4.8.3:
    resolution: {integrity: sha512-goMHfm00nWPa8UvR/CPSvykqf6dVV8x/dp0c5mFTMTIu0u0FlGWRioyy7Nn0PGAdHxpJZnuO/ut+PpQ8UiHAig==, registry: https://registry.npm.taobao.org/, tarball: https://registry.npmmirror.com/typescript/-/typescript-4.8.3.tgz}
    name: typescript
    version: 4.8.3
    engines: {node: '>=4.2.0'}
    hasBin: true
    dev: false
